
Microsoft Visual Studio Solution File, Format Version 12.00
# Visual Studio 2013
VisualStudioVersion = 12.0.21005.1
MinimumVisualStudioVersion = 10.0.40219.1
Project("{FAE04EC0-301F-11D3-BF4B-00C04F79EFBC}") = "Server", "MyServer\Server.csproj", "{CCBC93E4-B8CC-4828-B905-497DDEBEA15E}"
EndProject
Project("{FAE04EC0-301F-11D3-BF4B-00C04F79EFBC}") = "ThreadObject", "ThreadObject\ThreadObject.csproj", "{17CE58A4-C17F-49AB-A930-26C1868A10DB}"
EndProject
Project("{FAE04EC0-301F-11D3-BF4B-00C04F79EFBC}") = "Login", "MyClient\Login.csproj", "{45094948-4748-4E0C-A007-B2DC4D7E7884}"
EndProject
Project("{FAE04EC0-301F-11D3-BF4B-00C04F79EFBC}") = "Client", "Login\Client.csproj", "{93987861-9F55-4DFF-A9B4-652F9307DA9F}"
EndProject
Project("{FAE04EC0-301F-11D3-BF4B-00C04F79EFBC}") = "CommLib", "CommLib\CommLib.csproj", "{EA4F4869-B4E6-4826-AC2F-C7EAB9E4F1A7}"
EndProject
Global
	GlobalSection(SolutionConfigurationPlatforms) = preSolution
		Debug|Any CPU = Debug|Any CPU
		Release|Any CPU = Release|Any CPU
	EndGlobalSection
	GlobalSection(ProjectConfigurationPlatforms) = postSolution
		{CCBC93E4-B8CC-4828-B905-497DDEBEA15E}.Debug|Any CPU.ActiveCfg = Debug|Any CPU
		{CCBC93E4-B8CC-4828-B905-497DDEBEA15E}.Debug|Any CPU.Build.0 = Debug|Any CPU
		{CCBC93E4-B8CC-4828-B905-497DDEBEA15E}.Release|Any CPU.ActiveCfg = Release|Any CPU
		{CCBC93E4-B8CC-4828-B905-497DDEBEA15E}.Release|Any CPU.Build.0 = Release|Any CPU
		{17CE58A4-C17F-49AB-A930-26C1868A10DB}.Debug|Any CPU.ActiveCfg = Debug|Any CPU
		{17CE58A4-C17F-49AB-A930-26C1868A10DB}.Debug|Any CPU.Build.0 = Debug|Any CPU
		{17CE58A4-C17F-49AB-A930-26C1868A10DB}.Release|Any CPU.ActiveCfg = Release|Any CPU
		{17CE58A4-C17F-49AB-A930-26C1868A10DB}.Release|Any CPU.Build.0 = Release|Any CPU
		{45094948-4748-4E0C-A007-B2DC4D7E7884}.Debug|Any CPU.ActiveCfg = Debug|Any CPU
		{45094948-4748-4E0C-A007-B2DC4D7E7884}.Debug|Any CPU.Build.0 = Debug|Any CPU
		{45094948-4748-4E0C-A007-B2DC4D7E7884}.Release|Any CPU.ActiveCfg = Release|Any CPU
		{45094948-4748-4E0C-A007-B2DC4D7E7884}.Release|Any CPU.Build.0 = Release|Any CPU
		{93987861-9F55-4DFF-A9B4-652F9307DA9F}.Debug|Any CPU.ActiveCfg = Debug|Any CPU
		{93987861-9F55-4DFF-A9B4-652F9307DA9F}.Debug|Any CPU.Build.0 = Debug|Any CPU
		{93987861-9F55-4DFF-A9B4-652F9307DA9F}.Release|Any CPU.ActiveCfg = Release|Any CPU
		{93987861-9F55-4DFF-A9B4-652F9307DA9F}.Release|Any CPU.Build.0 = Release|Any CPU
		{EA4F4869-B4E6-4826-AC2F-C7EAB9E4F1A7}.Debug|Any CPU.ActiveCfg = Debug|Any CPU
		{EA4F4869-B4E6-4826-AC2F-C7EAB9E4F1A7}.Debug|Any CPU.Build.0 = Debug|Any CPU
		{EA4F4869-B4E6-4826-AC2F-C7EAB9E4F1A7}.Release|Any CPU.ActiveCfg = Release|Any CPU
		{EA4F4869-B4E6-4826-AC2F-C7EAB9E4F1A7}.Release|Any CPU.Build.0 = Release|Any CPU
	EndGlobalSection
	GlobalSection(SolutionProperties) = preSolution
		HideSolutionNode = FALSE
	EndGlobalSection
EndGlobal
